{
  "requires": true,
  "lockfileVersion": 1,
  "dependencies": {
    "colorjoe": {
      "version": "4.1.1",
      "resolved": "https://registry.npmjs.org/colorjoe/-/colorjoe-4.1.1.tgz",
      "integrity": "sha512-sml/N5QOxBzLjvDOzaY7LF9f+0TOlIwEsusy9XdZadX/IT7kWUO4WCrR22QOl/U2hUJ17Dwe9H1nwHtRxaGM7w==",
      "requires": {
        "dragjs": "^0.8.0",
        "onecolor": "^3.0.5"
      }
    },
    "dragjs": {
      "version": "0.8.0",
      "resolved": "https://registry.npmjs.org/dragjs/-/dragjs-0.8.0.tgz",
      "integrity": "sha512-BOwbJST6J5knOE7giEtH9JUbTQMhW+P11nXwux1z4oConRDXWX97lFql0SHzRSO8ZbBcsVCWVydKDOEgWQvMXQ=="
    },
    "onecolor": {
      "version": "3.1.0",
      "resolved": "https://registry.npmjs.org/onecolor/-/onecolor-3.1.0.tgz",
      "integrity": "sha512-YZSypViXzu3ul5LMu/m6XjJ9ol8qAy9S2VjHl5E6UlhUH1KGKWabyEJifn0Jjpw23bYDzC2ucKMPGiH5kfwSGQ=="
    }
  }
}
